
Microsoft Visual Studio Solution File, Format Version 12.00
# Visual Studio Version 16
VisualStudioVersion = 16.0.32002.261
MinimumVisualStudioVersion = 10.0.40219.1
Project("{FAE04EC0-301F-11D3-BF4B-00C04F79EFBC}") = "Rectangle2D", "Rectangle2D\Rectangle2D.csproj", "{F05EBFDE-AF43-4A64-9CC9-3D6B68B34D60}"
EndProject
Global
	GlobalSection(SolutionConfigurationPlatforms) = preSolution
		Debug|Any CPU = Debug|Any CPU
		Release|Any CPU = Release|Any CPU
	EndGlobalSection
	GlobalSection(ProjectConfigurationPlatforms) = postSolution
		{F05EBFDE-AF43-4A64-9CC9-3D6B68B34D60}.Debug|Any CPU.ActiveCfg = Debug|Any CPU
		{F05EBFDE-AF43-4A64-9CC9-3D6B68B34D60}.Debug|Any CPU.Build.0 = Debug|Any CPU
		{F05EBFDE-AF43-4A64-9CC9-3D6B68B34D60}.Release|Any CPU.ActiveCfg = Release|Any CPU
		{F05EBFDE-AF43-4A64-9CC9-3D6B68B34D60}.Release|Any CPU.Build.0 = Release|Any CPU
	EndGlobalSection
	GlobalSection(SolutionProperties) = preSolution
		HideSolutionNode = FALSE
	EndGlobalSection
	GlobalSection(ExtensibilityGlobals) = postSolution
		SolutionGuid = {FA029866-096C-46A9-90D5-F2EC7817F458}
	EndGlobalSection
EndGlobal
