
Microsoft Visual Studio Solution File, Format Version 12.00
# Visual Studio Version 16
VisualStudioVersion = 16.0.32002.261
MinimumVisualStudioVersion = 10.0.40219.1
Project("{9A19103F-16F7-4668-BE54-9A1E7A4F7556}") = "Rectangle2D", "Rectangle2D\Rectangle2D.csproj", "{B011613D-8969-4C26-A66D-2C529B88D53E}"
EndProject
Project("{FAE04EC0-301F-11D3-BF4B-00C04F79EFBC}") = "Ellipse2D", "Ellipse2D\Ellipse2D.csproj", "{FA580881-36B7-48BF-9BD4-449648A702CB}"
EndProject
Global
	GlobalSection(SolutionConfigurationPlatforms) = preSolution
		Debug|Any CPU = Debug|Any CPU
		Release|Any CPU = Release|Any CPU
	EndGlobalSection
	GlobalSection(ProjectConfigurationPlatforms) = postSolution
		{B011613D-8969-4C26-A66D-2C529B88D53E}.Debug|Any CPU.ActiveCfg = Debug|Any CPU
		{B011613D-8969-4C26-A66D-2C529B88D53E}.Debug|Any CPU.Build.0 = Debug|Any CPU
		{B011613D-8969-4C26-A66D-2C529B88D53E}.Release|Any CPU.ActiveCfg = Release|Any CPU
		{B011613D-8969-4C26-A66D-2C529B88D53E}.Release|Any CPU.Build.0 = Release|Any CPU
		{FA580881-36B7-48BF-9BD4-449648A702CB}.Debug|Any CPU.ActiveCfg = Debug|Any CPU
		{FA580881-36B7-48BF-9BD4-449648A702CB}.Debug|Any CPU.Build.0 = Debug|Any CPU
		{FA580881-36B7-48BF-9BD4-449648A702CB}.Release|Any CPU.ActiveCfg = Release|Any CPU
		{FA580881-36B7-48BF-9BD4-449648A702CB}.Release|Any CPU.Build.0 = Release|Any CPU
	EndGlobalSection
	GlobalSection(SolutionProperties) = preSolution
		HideSolutionNode = FALSE
	EndGlobalSection
	GlobalSection(ExtensibilityGlobals) = postSolution
		SolutionGuid = {445AB846-4EAD-4E88-81BC-94B1D74507C4}
	EndGlobalSection
EndGlobal
